
Microsoft Visual Studio Solution File, Format Version 12.00
# Visual Studio Version 17
VisualStudioVersion = 17.9.34622.214
MinimumVisualStudioVersion = 10.0.40219.1
Project("{FAE04EC0-301F-11D3-BF4B-00C04F79EFBC}") = "Sudoku", "Sudoku\Sudoku.csproj", "{B3B7AB61-BE14-477C-906C-3C29B4A5EF8D}"
EndProject
Global
	GlobalSection(SolutionConfigurationPlatforms) = preSolution
		Debug|Any CPU = Debug|Any CPU
		Release|Any CPU = Release|Any CPU
	EndGlobalSection
	GlobalSection(ProjectConfigurationPlatforms) = postSolution
		{B3B7AB61-BE14-477C-906C-3C29B4A5EF8D}.Debug|Any CPU.ActiveCfg = Debug|Any CPU
		{B3B7AB61-BE14-477C-906C-3C29B4A5EF8D}.Debug|Any CPU.Build.0 = Debug|Any CPU
		{B3B7AB61-BE14-477C-906C-3C29B4A5EF8D}.Release|Any CPU.ActiveCfg = Release|Any CPU
		{B3B7AB61-BE14-477C-906C-3C29B4A5EF8D}.Release|Any CPU.Build.0 = Release|Any CPU
	EndGlobalSection
	GlobalSection(SolutionProperties) = preSolution
		HideSolutionNode = FALSE
	EndGlobalSection
	GlobalSection(ExtensibilityGlobals) = postSolution
		SolutionGuid = {C7D39BA4-14A4-44F6-A1EF-72EC65C8F1E1}
	EndGlobalSection
EndGlobal
